
Microsoft Visual Studio Solution File, Format Version 12.00
# Visual Studio Version 17
VisualStudioVersion = 17.1.32210.238
MinimumVisualStudioVersion = 10.0.40219.1
Project("{FAE04EC0-301F-11D3-BF4B-00C04F79EFBC}") = "station-api", "station-api\station-api.csproj", "{A4758F17-E1F9-49BC-8B49-5389912706A7}"
EndProject
Global
	GlobalSection(SolutionConfigurationPlatforms) = preSolution
		Debug|Any CPU = Debug|Any CPU
		Release|Any CPU = Release|Any CPU
	EndGlobalSection
	GlobalSection(ProjectConfigurationPlatforms) = postSolution
		{A4758F17-E1F9-49BC-8B49-5389912706A7}.Debug|Any CPU.ActiveCfg = Debug|Any CPU
		{A4758F17-E1F9-49BC-8B49-5389912706A7}.Debug|Any CPU.Build.0 = Debug|Any CPU
		{A4758F17-E1F9-49BC-8B49-5389912706A7}.Release|Any CPU.ActiveCfg = Release|Any CPU
		{A4758F17-E1F9-49BC-8B49-5389912706A7}.Release|Any CPU.Build.0 = Release|Any CPU
	EndGlobalSection
	GlobalSection(SolutionProperties) = preSolution
		HideSolutionNode = FALSE
	EndGlobalSection
	GlobalSection(ExtensibilityGlobals) = postSolution
		SolutionGuid = {123E2A39-F855-4B2B-BBDB-8ABE4BD6F5B9}
	EndGlobalSection
EndGlobal
